
Microsoft Visual Studio Solution File, Format Version 12.00
# Visual Studio Version 17
VisualStudioVersion = 17.14.37301.10 d17.14
MinimumVisualStudioVersion = 10.0.40219.1
Project("{FAE04EC0-301F-11D3-BF4B-00C04F79EFBC}") = "AIInboxAssistant.API", "AIInboxAssistant.API\AIInboxAssistant.API.csproj", "{FABD36E1-270E-4F08-8DD4-0BDCC385B1B3}"
EndProject
Project("{FAE04EC0-301F-11D3-BF4B-00C04F79EFBC}") = "AIInboxAssistant.Core", "AIInboxAssistant.Core\AIInboxAssistant.Core.csproj", "{3E30FAB2-F6DB-4575-A935-6D60419EC98D}"
EndProject
Project("{FAE04EC0-301F-11D3-BF4B-00C04F79EFBC}") = "AIInboxAssistant.Worker", "AIInboxAssistant.Worker\AIInboxAssistant.Worker.csproj", "{AD13E0AC-E6BE-455E-9B9B-48AB0438ACAB}"
EndProject
Project("{FAE04EC0-301F-11D3-BF4B-00C04F79EFBC}") = "AIInboxAssistant.Infrastructure", "AIInboxAssistant.Infrastructure\AIInboxAssistant.Infrastructure.csproj", "{A08B1091-0636-4E99-AA56-37F060B8B686}"
EndProject
Global
	GlobalSection(SolutionConfigurationPlatforms) = preSolution
		Debug|Any CPU = Debug|Any CPU
		Release|Any CPU = Release|Any CPU
	EndGlobalSection
	GlobalSection(ProjectConfigurationPlatforms) = postSolution
		{FABD36E1-270E-4F08-8DD4-0BDCC385B1B3}.Debug|Any CPU.ActiveCfg = Debug|Any CPU
		{FABD36E1-270E-4F08-8DD4-0BDCC385B1B3}.Debug|Any CPU.Build.0 = Debug|Any CPU
		{FABD36E1-270E-4F08-8DD4-0BDCC385B1B3}.Release|Any CPU.ActiveCfg = Release|Any CPU
		{FABD36E1-270E-4F08-8DD4-0BDCC385B1B3}.Release|Any CPU.Build.0 = Release|Any CPU
		{3E30FAB2-F6DB-4575-A935-6D60419EC98D}.Debug|Any CPU.ActiveCfg = Debug|Any CPU
		{3E30FAB2-F6DB-4575-A935-6D60419EC98D}.Debug|Any CPU.Build.0 = Debug|Any CPU
		{3E30FAB2-F6DB-4575-A935-6D60419EC98D}.Release|Any CPU.ActiveCfg = Release|Any CPU
		{3E30FAB2-F6DB-4575-A935-6D60419EC98D}.Release|Any CPU.Build.0 = Release|Any CPU
		{AD13E0AC-E6BE-455E-9B9B-48AB0438ACAB}.Debug|Any CPU.ActiveCfg = Debug|Any CPU
		{AD13E0AC-E6BE-455E-9B9B-48AB0438ACAB}.Debug|Any CPU.Build.0 = Debug|Any CPU
		{AD13E0AC-E6BE-455E-9B9B-48AB0438ACAB}.Release|Any CPU.ActiveCfg = Release|Any CPU
		{AD13E0AC-E6BE-455E-9B9B-48AB0438ACAB}.Release|Any CPU.Build.0 = Release|Any CPU
		{A08B1091-0636-4E99-AA56-37F060B8B686}.Debug|Any CPU.ActiveCfg = Debug|Any CPU
		{A08B1091-0636-4E99-AA56-37F060B8B686}.Debug|Any CPU.Build.0 = Debug|Any CPU
		{A08B1091-0636-4E99-AA56-37F060B8B686}.Release|Any CPU.ActiveCfg = Release|Any CPU
		{A08B1091-0636-4E99-AA56-37F060B8B686}.Release|Any CPU.Build.0 = Release|Any CPU
	EndGlobalSection
	GlobalSection(SolutionProperties) = preSolution
		HideSolutionNode = FALSE
	EndGlobalSection
	GlobalSection(ExtensibilityGlobals) = postSolution
		SolutionGuid = {3F273DC2-5614-4D3B-92C5-342EF7868710}
	EndGlobalSection
EndGlobal
